{
  "name": "site-cv_alex-pinto",
  "version": "1.0.0",
  "lockfileVersion": 2,
  "requires": true,
  "packages": {
    "": {
      "name": "site-cv_alex-pinto",
      "version": "1.0.0",
      "license": "ISC",
      "dependencies": {
        "@studio-freight/lenis": "^1.0.12"
      }
    },
    "node_modules/@studio-freight/lenis": {
      "version": "1.0.12",
      "resolved": "https://registry.npmjs.org/@studio-freight/lenis/-/lenis-1.0.12.tgz",
      "integrity": "sha512-iN3JQ6qJVc+L7vh8NjlDibw9dvjjifvlJ+s0UAkfwty+vW9MJxRfszb5X/eAhcbDLZW6MlvjRHoH9WSQH3J8eA=="
    }
  },
  "dependencies": {
    "@studio-freight/lenis": {
      "version": "1.0.12",
      "resolved": "https://registry.npmjs.org/@studio-freight/lenis/-/lenis-1.0.12.tgz",
      "integrity": "sha512-iN3JQ6qJVc+L7vh8NjlDibw9dvjjifvlJ+s0UAkfwty+vW9MJxRfszb5X/eAhcbDLZW6MlvjRHoH9WSQH3J8eA=="
    }
  }
}
